// !$*UTF8*$!
{
	archiveVersion = 1;
	classes = {
	};
	objectVersion = 50;
	objects = {

/* Begin PBXBuildFile section */
		E985F7EE269CD9390031F820 /* PortalsTestAppApp.swift in Sources */ = {isa = PBXBuildFile; fileRef = E985F7DB269CD9380031F820 /* PortalsTestAppApp.swift */; };
		E985F7EF269CD9390031F820 /* PortalsTestAppApp.swift in Sources */ = {isa = PBXBuildFile; fileRef = E985F7DB269CD9380031F820 /* PortalsTestAppApp.swift */; };
		E985F7F0269CD9390031F820 /* ContentView.swift in Sources */ = {isa = PBXBuildFile; fileRef = E985F7DC269CD9380031F820 /* ContentView.swift */; };
		E985F7F1269CD9390031F820 /* ContentView.swift in Sources */ = {isa = PBXBuildFile; fileRef = E985F7DC269CD9380031F820 /* ContentView.swift */; };
		E985F7F2269CD9390031F820 /* Assets.xcassets in Resources */ = {isa = PBXBuildFile; fileRef = E985F7DD269CD9390031F820 /* Assets.xcassets */; };
		E985F7F3269CD9390031F820 /* Assets.xcassets in Resources */ = {isa = PBXBuildFile; fileRef = E985F7DD269CD9390031F820 /* Assets.xcassets */; };
/* End PBXBuildFile section */

/* Begin PBXFileReference section */
		E985F7DB269CD9380031F820 /* PortalsTestAppApp.swift */ = {isa = PBXFileReference; lastKnownFileType = sourcecode.swift; path = PortalsTestAppApp.swift; sourceTree = "<group>"; };
		E985F7DC269CD9380031F820 /* ContentView.swift */ = {isa = PBXFileReference; lastKnownFileType = sourcecode.swift; path = ContentView.swift; sourceTree = "<group>"; };
		E985F7DD269CD9390031F820 /* Assets.xcassets */ = {isa = PBXFileReference; lastKnownFileType = folder.assetcatalog; path = Assets.xcassets; sourceTree = "<group>"; };
		E985F7E2269CD9390031F820 /* PortalsTestApp.app */ = {isa = PBXFileReference; explicitFileType = wrapper.application; includeInIndex = 0; path = PortalsTestApp.app; sourceTree = BUILT_PRODUCTS_DIR; };
		E985F7E5269CD9390031F820 /* Info.plist */ = {isa = PBXFileReference; lastKnownFileType = text.plist.xml; path = Info.plist; sourceTree = "<group>"; };
		E985F7EA269CD9390031F820 /* PortalsTestApp.app */ = {isa = PBXFileReference; explicitFileType = wrapper.application; includeInIndex = 0; path = PortalsTestApp.app; sourceTree = BUILT_PRODUCTS_DIR; };
		E985F7EC269CD9390031F820 /* Info.plist */ = {isa = PBXFileReference; lastKnownFileType = text.plist.xml; path = Info.plist; sourceTree = "<group>"; };
		E985F7ED269CD9390031F820 /* macOS.entitlements */ = {isa = PBXFileReference; lastKnownFileType = text.plist.entitlements; path = macOS.entitlements; sourceTree = "<group>"; };
		E985F7FC269CD9700031F820 /* IonicPortals */ = {isa = PBXFileReference; lastKnownFileType = folder; name = IonicPortals; path = ../../IonicPortals; sourceTree = "<group>"; };
/* End PBXFileReference section */

/* Begin PBXFrameworksBuildPhase section */
		E985F7DF269CD9390031F820 /* Frameworks */ = {
			isa = PBXFrameworksBuildPhase;
			buildActionMask = 2147483647;
			files = (
			);
			runOnlyForDeploymentPostprocessing = 0;
		};
		E985F7E7269CD9390031F820 /* Frameworks */ = {
			isa = PBXFrameworksBuildPhase;
			buildActionMask = 2147483647;
			files = (
			);
			runOnlyForDeploymentPostprocessing = 0;
		};
/* End PBXFrameworksBuildPhase section */

/* Begin PBXGroup section */
		E985F7D5269CD9380031F820 = {
			isa = PBXGroup;
			children = (
				E985F7DA269CD9380031F820 /* Shared */,
				E985F7E4269CD9390031F820 /* iOS */,
				E985F7EB269CD9390031F820 /* macOS */,
				E985F7E3269CD9390031F820 /* Products */,
			);
			sourceTree = "<group>";
		};
		E985F7DA269CD9380031F820 /* Shared */ = {
			isa = PBXGroup;
			children = (
				E985F7FC269CD9700031F820 /* IonicPortals */,
				E985F7DB269CD9380031F820 /* PortalsTestAppApp.swift */,
				E985F7DC269CD9380031F820 /* ContentView.swift */,
				E985F7DD269CD9390031F820 /* Assets.xcassets */,
			);
			path = Shared;
			sourceTree = "<group>";
		};
		E985F7E3269CD9390031F820 /* Products */ = {
			isa = PBXGroup;
			children = (
				E985F7E2269CD9390031F820 /* PortalsTestApp.app */,
				E985F7EA269CD9390031F820 /* PortalsTestApp.app */,
			);
			name = Products;
			sourceTree = "<group>";
		};
		E985F7E4269CD9390031F820 /* iOS */ = {
			isa = PBXGroup;
			children = (
				E985F7E5269CD9390031F820 /* Info.plist */,
			);
			path = iOS;
			sourceTree = "<group>";
		};
		E985F7EB269CD9390031F820 /* macOS */ = {
			isa = PBXGroup;
			children = (
				E985F7EC269CD9390031F820 /* Info.plist */,
				E985F7ED269CD9390031F820 /* macOS.entitlements */,
			);
			path = macOS;
			sourceTree = "<group>";
		};
/* End PBXGroup section */

/* Begin PBXNativeTarget section */
		E985F7E1269CD9390031F820 /* PortalsTestApp (iOS) */ = {
			isa = PBXNativeTarget;
			buildConfigurationList = E985F7F6269CD9390031F820 /* Build configuration list for PBXNativeTarget "PortalsTestApp (iOS)" */;
			buildPhases = (
				E985F7DE269CD9390031F820 /* Sources */,
				E985F7DF269CD9390031F820 /* Frameworks */,
				E985F7E0269CD9390031F820 /* Resources */,
			);
			buildRules = (
			);
			dependencies = (
			);
			name = "PortalsTestApp (iOS)";
			productName = "PortalsTestApp (iOS)";
			productReference = E985F7E2269CD9390031F820 /* PortalsTestApp.app */;
			productType = "com.apple.product-type.application";
		};
		E985F7E9269CD9390031F820 /* PortalsTestApp (macOS) */ = {
			isa = PBXNativeTarget;
			buildConfigurationList = E985F7F9269CD9390031F820 /* Build configuration list for PBXNativeTarget "PortalsTestApp (macOS)" */;
			buildPhases = (
				E985F7E6269CD9390031F820 /* Sources */,
				E985F7E7269CD9390031F820 /* Frameworks */,
				E985F7E8269CD9390031F820 /* Resources */,
			);
			buildRules = (
			);
			dependencies = (
			);
			name = "PortalsTestApp (macOS)";
			productName = "PortalsTestApp (macOS)";
			productReference = E985F7EA269CD9390031F820 /* PortalsTestApp.app */;
			productType = "com.apple.product-type.application";
		};
/* End PBXNativeTarget section */

/* Begin PBXProject section */
		E985F7D6269CD9380031F820 /* Project object */ = {
			isa = PBXProject;
			attributes = {
				LastSwiftUpdateCheck = 1250;
				LastUpgradeCheck = 1250;
				TargetAttributes = {
					E985F7E1269CD9390031F820 = {
						CreatedOnToolsVersion = 12.5.1;
					};
					E985F7E9269CD9390031F820 = {
						CreatedOnToolsVersion = 12.5.1;
					};
				};
			};
			buildConfigurationList = E985F7D9269CD9380031F820 /* Build configuration list for PBXProject "PortalsTestApp" */;
			compatibilityVersion = "Xcode 9.3";
			developmentRegion = en;
			hasScannedForEncodings = 0;
			knownRegions = (
				en,
				Base,
			);
			mainGroup = E985F7D5269CD9380031F820;
			productRefGroup = E985F7E3269CD9390031F820 /* Products */;
			projectDirPath = "";
			projectRoot = "";
			targets = (
				E985F7E1269CD9390031F820 /* PortalsTestApp (iOS) */,
				E985F7E9269CD9390031F820 /* PortalsTestApp (macOS) */,
			);
		};
/* End PBXProject section */

/* Begin PBXResourcesBuildPhase section */
		E985F7E0269CD9390031F820 /* Resources */ = {
			isa = PBXResourcesBuildPhase;
			buildActionMask = 2147483647;
			files = (
				E985F7F2269CD9390031F820 /* Assets.xcassets in Resources */,
			);
			runOnlyForDeploymentPostprocessing = 0;
		};
		E985F7E8269CD9390031F820 /* Resources */ = {
			isa = PBXResourcesBuildPhase;
			buildActionMask = 2147483647;
			files = (
				E985F7F3269CD9390031F820 /* Assets.xcassets in Resources */,
			);
			runOnlyForDeploymentPostprocessing = 0;
		};
/* End PBXResourcesBuildPhase section */

/* Begin PBXSourcesBuildPhase section */
		E985F7DE269CD9390031F820 /* Sources */ = {
			isa = PBXSourcesBuildPhase;
			buildActionMask = 2147483647;
			files = (
				E985F7F0269CD9390031F820 /* ContentView.swift in Sources */,
				E985F7EE269CD9390031F820 /* PortalsTestAppApp.swift in Sources */,
			);
			runOnlyForDeploymentPostprocessing = 0;
		};
		E985F7E6269CD9390031F820 /* Sources */ = {
			isa = PBXSourcesBuildPhase;
			buildActionMask = 2147483647;
			files = (
				E985F7F1269CD9390031F820 /* ContentView.swift in Sources */,
				E985F7EF269CD9390031F820 /* PortalsTestAppApp.swift in Sources */,
			);
			runOnlyForDeploymentPostprocessing = 0;
		};
/* End PBXSourcesBuildPhase section */

/* Begin XCBuildConfiguration section */
		E985F7F4269CD9390031F820 /* Debug */ = {
			isa = XCBuildConfiguration;
			buildSettings = {
				ALWAYS_SEARCH_USER_PATHS = NO;
				CLANG_ANALYZER_NONNULL = YES;
				CLANG_ANALYZER_NUMBER_OBJECT_CONVERSION = YES_AGGRESSIVE;
				CLANG_CXX_LANGUAGE_STANDARD = "gnu++14";
				CLANG_CXX_LIBRARY = "libc++";
				CLANG_ENABLE_MODULES = YES;
				CLANG_ENABLE_OBJC_ARC = YES;
				CLANG_ENABLE_OBJC_WEAK = YES;
				CLANG_WARN_BLOCK_CAPTURE_AUTORELEASING = YES;
				CLANG_WARN_BOOL_CONVERSION = YES;
				CLANG_WARN_COMMA = YES;
				CLANG_WARN_CONSTANT_CONVERSION = YES;
				CLANG_WARN_DEPRECATED_OBJC_IMPLEMENTATIONS = YES;
				CLANG_WARN_DIRECT_OBJC_ISA_USAGE = YES_ERROR;
				CLANG_WARN_DOCUMENTATION_COMMENTS = YES;
				CLANG_WARN_EMPTY_BODY = YES;
				CLANG_WARN_ENUM_CONVERSION = YES;
				CLANG_WARN_INFINITE_RECURSION = YES;
				CLANG_WARN_INT_CONVERSION = YES;
				CLANG_WARN_NON_LITERAL_NULL_CONVERSION = YES;
				CLANG_WARN_OBJC_IMPLICIT_RETAIN_SELF = YES;
				CLANG_WARN_OBJC_LITERAL_CONVERSION = YES;
				CLANG_WARN_OBJC_ROOT_CLASS = YES_ERROR;
				CLANG_WARN_QUOTED_INCLUDE_IN_FRAMEWORK_HEADER = YES;
				CLANG_WARN_RANGE_LOOP_ANALYSIS = YES;
				CLANG_WARN_STRICT_PROTOTYPES = YES;
				CLANG_WARN_SUSPICIOUS_MOVE = YES;
				CLANG_WARN_UNGUARDED_AVAILABILITY = YES_AGGRESSIVE;
				CLANG_WARN_UNREACHABLE_CODE = YES;
				CLANG_WARN__DUPLICATE_METHOD_MATCH = YES;
				COPY_PHASE_STRIP = NO;
				DEBUG_INFORMATION_FORMAT = dwarf;
				ENABLE_STRICT_OBJC_MSGSEND = YES;
				ENABLE_TESTABILITY = YES;
				GCC_C_LANGUAGE_STANDARD = gnu11;
				GCC_DYNAMIC_NO_PIC = NO;
				GCC_NO_COMMON_BLOCKS = YES;
				GCC_OPTIMIZATION_LEVEL = 0;
				GCC_PREPROCESSOR_DEFINITIONS = (
					"DEBUG=1",
					"$(inherited)",
				);
				GCC_WARN_64_TO_32_BIT_CONVERSION = YES;
				GCC_WARN_ABOUT_RETURN_TYPE = YES_ERROR;
				GCC_WARN_UNDECLARED_SELECTOR = YES;
				GCC_WARN_UNINITIALIZED_AUTOS = YES_AGGRESSIVE;
				GCC_WARN_UNUSED_FUNCTION = YES;
				GCC_WARN_UNUSED_VARIABLE = YES;
				MTL_ENABLE_DEBUG_INFO = INCLUDE_SOURCE;
				MTL_FAST_MATH = YES;
				ONLY_ACTIVE_ARCH = YES;
				SWIFT_ACTIVE_COMPILATION_CONDITIONS = DEBUG;
				SWIFT_OPTIMIZATION_LEVEL = "-Onone";
			};
			name = Debug;
		};
		E985F7F5269CD9390031F820 /* Release */ = {
			isa = XCBuildConfiguration;
			buildSettings = {
				ALWAYS_SEARCH_USER_PATHS = NO;
				CLANG_ANALYZER_NONNULL = YES;
				CLANG_ANALYZER_NUMBER_OBJECT_CONVERSION = YES_AGGRESSIVE;
				CLANG_CXX_LANGUAGE_STANDARD = "gnu++14";
				CLANG_CXX_LIBRARY = "libc++";
				CLANG_ENABLE_MODULES = YES;
				CLANG_ENABLE_OBJC_ARC = YES;
				CLANG_ENABLE_OBJC_WEAK = YES;
				CLANG_WARN_BLOCK_CAPTURE_AUTORELEASING = YES;
				CLANG_WARN_BOOL_CONVERSION = YES;
				CLANG_WARN_COMMA = YES;
				CLANG_WARN_CONSTANT_CONVERSION = YES;
				CLANG_WARN_DEPRECATED_OBJC_IMPLEMENTATIONS = YES;
				CLANG_WARN_DIRECT_OBJC_ISA_USAGE = YES_ERROR;
				CLANG_WARN_DOCUMENTATION_COMMENTS = YES;
				CLANG_WARN_EMPTY_BODY = YES;
				CLANG_WARN_ENUM_CONVERSION = YES;
				CLANG_WARN_INFINITE_RECURSION = YES;
				CLANG_WARN_INT_CONVERSION = YES;
				CLANG_WARN_NON_LITERAL_NULL_CONVERSION = YES;
				CLANG_WARN_OBJC_IMPLICIT_RETAIN_SELF = YES;
				CLANG_WARN_OBJC_LITERAL_CONVERSION = YES;
				CLANG_WARN_OBJC_ROOT_CLASS = YES_ERROR;
				CLANG_WARN_QUOTED_INCLUDE_IN_FRAMEWORK_HEADER = YES;
				CLANG_WARN_RANGE_LOOP_ANALYSIS = YES;
				CLANG_WARN_STRICT_PROTOTYPES = YES;
				CLANG_WARN_SUSPICIOUS_MOVE = YES;
				CLANG_WARN_UNGUARDED_AVAILABILITY = YES_AGGRESSIVE;
				CLANG_WARN_UNREACHABLE_CODE = YES;
				CLANG_WARN__DUPLICATE_METHOD_MATCH = YES;
				COPY_PHASE_STRIP = NO;
				DEBUG_INFORMATION_FORMAT = "dwarf-with-dsym";
				ENABLE_NS_ASSERTIONS = NO;
				ENABLE_STRICT_OBJC_MSGSEND = YES;
				GCC_C_LANGUAGE_STANDARD = gnu11;
				GCC_NO_COMMON_BLOCKS = YES;
				GCC_WARN_64_TO_32_BIT_CONVERSION = YES;
				GCC_WARN_ABOUT_RETURN_TYPE = YES_ERROR;
				GCC_WARN_UNDECLARED_SELECTOR = YES;
				GCC_WARN_UNINITIALIZED_AUTOS = YES_AGGRESSIVE;
				GCC_WARN_UNUSED_FUNCTION = YES;
				GCC_WARN_UNUSED_VARIABLE = YES;
				MTL_ENABLE_DEBUG_INFO = NO;
				MTL_FAST_MATH = YES;
				SWIFT_COMPILATION_MODE = wholemodule;
				SWIFT_OPTIMIZATION_LEVEL = "-O";
			};
			name = Release;
		};
		E985F7F7269CD9390031F820 /* Debug */ = {
			isa = XCBuildConfiguration;
			buildSettings = {
				ASSETCATALOG_COMPILER_APPICON_NAME = AppIcon;
				ASSETCATALOG_COMPILER_GLOBAL_ACCENT_COLOR_NAME = AccentColor;
				CODE_SIGN_STYLE = Automatic;
				DEVELOPMENT_TEAM = 9YN2HU59K8;
				ENABLE_PREVIEWS = YES;
				INFOPLIST_FILE = iOS/Info.plist;
				IPHONEOS_DEPLOYMENT_TARGET = 14.0;
				LD_RUNPATH_SEARCH_PATHS = (
					"$(inherited)",
					"@executable_path/Frameworks",
				);
				PRODUCT_BUNDLE_IDENTIFIER = io.ionic.PortalsTestApp;
				PRODUCT_NAME = PortalsTestApp;
				SDKROOT = iphoneos;
				SWIFT_VERSION = 5.0;
				TARGETED_DEVICE_FAMILY = "1,2";
			};
			name = Debug;
		};
		E985F7F8269CD9390031F820 /* Release */ = {
			isa = XCBuildConfiguration;
			buildSettings = {
				ASSETCATALOG_COMPILER_APPICON_NAME = AppIcon;
				ASSETCATALOG_COMPILER_GLOBAL_ACCENT_COLOR_NAME = AccentColor;
				CODE_SIGN_STYLE = Automatic;
				DEVELOPMENT_TEAM = 9YN2HU59K8;
				ENABLE_PREVIEWS = YES;
				INFOPLIST_FILE = iOS/Info.plist;
				IPHONEOS_DEPLOYMENT_TARGET = 14.0;
				LD_RUNPATH_SEARCH_PATHS = (
					"$(inherited)",
					"@executable_path/Frameworks",
				);
				PRODUCT_BUNDLE_IDENTIFIER = io.ionic.PortalsTestApp;
				PRODUCT_NAME = PortalsTestApp;
				SDKROOT = iphoneos;
				SWIFT_VERSION = 5.0;
				TARGETED_DEVICE_FAMILY = "1,2";
				VALIDATE_PRODUCT = YES;
			};
			name = Release;
		};
		E985F7FA269CD9390031F820 /* Debug */ = {
			isa = XCBuildConfiguration;
			buildSettings = {
				ASSETCATALOG_COMPILER_APPICON_NAME = AppIcon;
				ASSETCATALOG_COMPILER_GLOBAL_ACCENT_COLOR_NAME = AccentColor;
				CODE_SIGN_ENTITLEMENTS = macOS/macOS.entitlements;
				CODE_SIGN_STYLE = Automatic;
				COMBINE_HIDPI_IMAGES = YES;
				DEVELOPMENT_TEAM = 9YN2HU59K8;
				ENABLE_HARDENED_RUNTIME = YES;
				ENABLE_PREVIEWS = YES;
				INFOPLIST_FILE = macOS/Info.plist;
				LD_RUNPATH_SEARCH_PATHS = (
					"$(inherited)",
					"@executable_path/../Frameworks",
				);
				MACOSX_DEPLOYMENT_TARGET = 11.0;
				PRODUCT_BUNDLE_IDENTIFIER = io.ionic.PortalsTestApp;
				PRODUCT_NAME = PortalsTestApp;
				SDKROOT = macosx;
				SWIFT_VERSION = 5.0;
			};
			name = Debug;
		};
		E985F7FB269CD9390031F820 /* Release */ = {
			isa = XCBuildConfiguration;
			buildSettings = {
				ASSETCATALOG_COMPILER_APPICON_NAME = AppIcon;
				ASSETCATALOG_COMPILER_GLOBAL_ACCENT_COLOR_NAME = AccentColor;
				CODE_SIGN_ENTITLEMENTS = macOS/macOS.entitlements;
				CODE_SIGN_STYLE = Automatic;
				COMBINE_HIDPI_IMAGES = YES;
				DEVELOPMENT_TEAM = 9YN2HU59K8;
				ENABLE_HARDENED_RUNTIME = YES;
				ENABLE_PREVIEWS = YES;
				INFOPLIST_FILE = macOS/Info.plist;
				LD_RUNPATH_SEARCH_PATHS = (
					"$(inherited)",
					"@executable_path/../Frameworks",
				);
				MACOSX_DEPLOYMENT_TARGET = 11.0;
				PRODUCT_BUNDLE_IDENTIFIER = io.ionic.PortalsTestApp;
				PRODUCT_NAME = PortalsTestApp;
				SDKROOT = macosx;
				SWIFT_VERSION = 5.0;
			};
			name = Release;
		};
/* End XCBuildConfiguration section */

/* Begin XCConfigurationList section */
		E985F7D9269CD9380031F820 /* Build configuration list for PBXProject "PortalsTestApp" */ = {
			isa = XCConfigurationList;
			buildConfigurations = (
				E985F7F4269CD9390031F820 /* Debug */,
				E985F7F5269CD9390031F820 /* Release */,
			);
			defaultConfigurationIsVisible = 0;
			defaultConfigurationName = Release;
		};
		E985F7F6269CD9390031F820 /* Build configuration list for PBXNativeTarget "PortalsTestApp (iOS)" */ = {
			isa = XCConfigurationList;
			buildConfigurations = (
				E985F7F7269CD9390031F820 /* Debug */,
				E985F7F8269CD9390031F820 /* Release */,
			);
			defaultConfigurationIsVisible = 0;
			defaultConfigurationName = Release;
		};
		E985F7F9269CD9390031F820 /* Build configuration list for PBXNativeTarget "PortalsTestApp (macOS)" */ = {
			isa = XCConfigurationList;
			buildConfigurations = (
				E985F7FA269CD9390031F820 /* Debug */,
				E985F7FB269CD9390031F820 /* Release */,
			);
			defaultConfigurationIsVisible = 0;
			defaultConfigurationName = Release;
		};
/* End XCConfigurationList section */
	};
	rootObject = E985F7D6269CD9380031F820 /* Project object */;
}
