PODS:
  - Capacitor (3.1.2):
    - CapacitorCordova
  - CapacitorCordova (3.0.1)
  - Portals (3.0.1):
    - CapacitorCordova (= 3.0.1)

DEPENDENCIES:
  - Capacitor (from `../../capacitor/ios`)
  - CapacitorCordova
  - Portals

SPEC REPOS:
  https://github.com/native-portal/podspecs.git:
    - CapacitorCordova
    - Portals

EXTERNAL SOURCES:
  Capacitor:
    :path: "../../capacitor/ios"

SPEC CHECKSUMS:
  Capacitor: 9d06cf7a97c4752037907979baade2f79f2800fa
  CapacitorCordova: 19b9a7bfa2e24a18281258c269390a7b38cb2eaf
  Portals: 30c3554216671a1e092c24f0215045b1426185d4

PODFILE CHECKSUM: 806ba375b1c3b04aae88b8acdd26b0e783ebae4b

COCOAPODS: 1.10.0
